
Microsoft Visual Studio Solution File, Format Version 12.00
# Visual Studio Version 17
VisualStudioVersion = 17.5.33424.131
MinimumVisualStudioVersion = 10.0.40219.1
Project("{FAE04EC0-301F-11D3-BF4B-00C04F79EFBC}") = "JRS", "JRS\JRS.csproj", "{32D9EE40-EDF7-42A0-BD58-4B8278D3985A}"
EndProject
Global
	GlobalSection(SolutionConfigurationPlatforms) = preSolution
		Debug|Any CPU = Debug|Any CPU
		Release|Any CPU = Release|Any CPU
	EndGlobalSection
	GlobalSection(ProjectConfigurationPlatforms) = postSolution
		{32D9EE40-EDF7-42A0-BD58-4B8278D3985A}.Debug|Any CPU.ActiveCfg = Debug|Any CPU
		{32D9EE40-EDF7-42A0-BD58-4B8278D3985A}.Debug|Any CPU.Build.0 = Debug|Any CPU
		{32D9EE40-EDF7-42A0-BD58-4B8278D3985A}.Release|Any CPU.ActiveCfg = Release|Any CPU
		{32D9EE40-EDF7-42A0-BD58-4B8278D3985A}.Release|Any CPU.Build.0 = Release|Any CPU
	EndGlobalSection
	GlobalSection(SolutionProperties) = preSolution
		HideSolutionNode = FALSE
	EndGlobalSection
	GlobalSection(ExtensibilityGlobals) = postSolution
		SolutionGuid = {2229416A-BA36-4563-AA52-16566AFDB86F}
	EndGlobalSection
EndGlobal
